
Microsoft Visual Studio Solution File, Format Version 12.00
# Visual Studio Version 17
VisualStudioVersion = 17.14.36414.22 d17.14
MinimumVisualStudioVersion = 10.0.40219.1
Project("{FAE04EC0-301F-11D3-BF4B-00C04F79EFBC}") = "lr0", "lr0\lr0.csproj", "{9A93008E-A670-4359-9CC1-8C57F4094278}"
EndProject
Global
	GlobalSection(SolutionConfigurationPlatforms) = preSolution
		Debug|Any CPU = Debug|Any CPU
		Release|Any CPU = Release|Any CPU
	EndGlobalSection
	GlobalSection(ProjectConfigurationPlatforms) = postSolution
		{9A93008E-A670-4359-9CC1-8C57F4094278}.Debug|Any CPU.ActiveCfg = Debug|Any CPU
		{9A93008E-A670-4359-9CC1-8C57F4094278}.Debug|Any CPU.Build.0 = Debug|Any CPU
		{9A93008E-A670-4359-9CC1-8C57F4094278}.Release|Any CPU.ActiveCfg = Release|Any CPU
		{9A93008E-A670-4359-9CC1-8C57F4094278}.Release|Any CPU.Build.0 = Release|Any CPU
	EndGlobalSection
	GlobalSection(SolutionProperties) = preSolution
		HideSolutionNode = FALSE
	EndGlobalSection
	GlobalSection(ExtensibilityGlobals) = postSolution
		SolutionGuid = {BC363960-0348-409F-A587-A9E23722F8F2}
	EndGlobalSection
EndGlobal
